
Microsoft Visual Studio Solution File, Format Version 12.00
# Visual Studio Version 17
VisualStudioVersion = 17.2.32630.192
MinimumVisualStudioVersion = 10.0.40219.1
Project("{FAE04EC0-301F-11D3-BF4B-00C04F79EFBC}") = "ParsySAT Ground Control", "ParsySAT Ground Control\ParsySAT Ground Control.csproj", "{4F9047E8-A382-457B-82CD-64BF51392CBF}"
EndProject
Global
	GlobalSection(SolutionConfigurationPlatforms) = preSolution
		Debug|Any CPU = Debug|Any CPU
		Release|Any CPU = Release|Any CPU
	EndGlobalSection
	GlobalSection(ProjectConfigurationPlatforms) = postSolution
		{4F9047E8-A382-457B-82CD-64BF51392CBF}.Debug|Any CPU.ActiveCfg = Debug|Any CPU
		{4F9047E8-A382-457B-82CD-64BF51392CBF}.Debug|Any CPU.Build.0 = Debug|Any CPU
		{4F9047E8-A382-457B-82CD-64BF51392CBF}.Release|Any CPU.ActiveCfg = Release|Any CPU
		{4F9047E8-A382-457B-82CD-64BF51392CBF}.Release|Any CPU.Build.0 = Release|Any CPU
	EndGlobalSection
	GlobalSection(SolutionProperties) = preSolution
		HideSolutionNode = FALSE
	EndGlobalSection
	GlobalSection(ExtensibilityGlobals) = postSolution
		SolutionGuid = {24FE88C3-80E7-41AD-87E0-510B54ACBBBC}
	EndGlobalSection
EndGlobal
